
Microsoft Visual Studio Solution File, Format Version 12.00
# Visual Studio Express 15 for Windows Desktop
VisualStudioVersion = 15.0.28307.902
MinimumVisualStudioVersion = 10.0.40219.1
Project("{FAE04EC0-301F-11D3-BF4B-00C04F79EFBC}") = "Hello World", "Hello World\Hello World.csproj", "{53F3851C-629E-4805-AAC5-6E3F5CE30EDD}"
EndProject
Global
	GlobalSection(SolutionConfigurationPlatforms) = preSolution
		Debug|Any CPU = Debug|Any CPU
		Release|Any CPU = Release|Any CPU
	EndGlobalSection
	GlobalSection(ProjectConfigurationPlatforms) = postSolution
		{53F3851C-629E-4805-AAC5-6E3F5CE30EDD}.Debug|Any CPU.ActiveCfg = Debug|Any CPU
		{53F3851C-629E-4805-AAC5-6E3F5CE30EDD}.Debug|Any CPU.Build.0 = Debug|Any CPU
		{53F3851C-629E-4805-AAC5-6E3F5CE30EDD}.Release|Any CPU.ActiveCfg = Release|Any CPU
		{53F3851C-629E-4805-AAC5-6E3F5CE30EDD}.Release|Any CPU.Build.0 = Release|Any CPU
	EndGlobalSection
	GlobalSection(SolutionProperties) = preSolution
		HideSolutionNode = FALSE
	EndGlobalSection
	GlobalSection(ExtensibilityGlobals) = postSolution
		SolutionGuid = {D6D85B09-9A98-4BCD-B517-684A929391D2}
	EndGlobalSection
EndGlobal
